{
  "version": 4,
  "terraform_version": "1.4.6",
  "serial": 28,
  "lineage": "d96c23b7-0472-b9f5-fa95-bef11fcffa1b",
  "outputs": {},
  "resources": [
    {
      "mode": "data",
      "type": "azurerm_client_config",
      "name": "current",
      "provider": "provider[\"registry.terraform.io/hashicorp/azurerm\"]",
      "instances": [
        {
          "schema_version": 0,
          "attributes": {
            "client_id": "1b03607c-665c-4326-83e6-dd2d694a08fc",
            "id": "Y2xpZW50Q29uZmlncy9jbGllbnRJZD0xYjAzNjA3Yy02NjVjLTQzMjYtODNlNi1kZDJkNjk0YTA4ZmM7b2JqZWN0SWQ9ZjIyMjhlYWMtNThiOS00N2MxLTk0NmQtYWNlZmY2MjEyNjYyO3N1YnNjcmlwdGlvbklkPWU4N2MyMTBjLWIxMmUtNGUzMi1iMDI4LWVkMWJiZTZlN2VkNTt0ZW5hbnRJZD03ODc5N2M5NS05NzFhLTQyMDgtYTZmMS1lOWRjNzgxYTJmODM=",
            "object_id": "f2228eac-58b9-47c1-946d-aceff6212662",
            "subscription_id": "e87c210c-b12e-4e32-b028-ed1bbe6e7ed5",
            "tenant_id": "78797c95-971a-4208-a6f1-e9dc781a2f83",
            "timeouts": null
          },
          "sensitive_attributes": []
        }
      ]
    },
    {
      "module": "module.cosmosdb_account",
      "mode": "managed",
      "type": "azurerm_cosmosdb_account",
      "name": "db",
      "provider": "provider[\"registry.terraform.io/hashicorp/azurerm\"]",
      "instances": [
        {
          "schema_version": 0,
          "attributes": {
            "access_key_metadata_writes_enabled": true,
            "analytical_storage": [
              {
                "schema_type": "FullFidelity"
              }
            ],
            "analytical_storage_enabled": false,
            "backup": [
              {
                "interval_in_minutes": 240,
                "retention_in_hours": 8,
                "storage_redundancy": "Geo",
                "type": "Periodic"
              }
            ],
            "capabilities": [
              {
                "name": "EnableAggregationPipeline"
              },
              {
                "name": "EnableMongo"
              },
              {
                "name": "MongoDBv3.4"
              },
              {
                "name": "mongoEnableDocLevelTTL"
              }
            ],
            "capacity": [],
            "connection_strings": [
              "mongodb://uday-ade-cosmosdb:6MQwb0x8hdDWvBrHOTBSwEg3k94zpMZ3IV5xLPKqs55qaE3hYJ0dQqFaUGlUnNWrevwk2IBwn2WJACDbfBjLyQ==@uday-ade-cosmosdb.mongo.cosmos.azure.com:10255/?ssl=true\u0026replicaSet=globaldb\u0026retrywrites=false\u0026maxIdleTimeMS=120000\u0026appName=@uday-ade-cosmosdb@",
              "mongodb://uday-ade-cosmosdb:LqeehlTQUl6F6P23v7CdfYVZUxmsJHa4t2zv5bJhShnkNd2qH6LpAxyoLKve4kQ3YmzCJgm2xClhACDbWSqktw==@uday-ade-cosmosdb.mongo.cosmos.azure.com:10255/?ssl=true\u0026replicaSet=globaldb\u0026retrywrites=false\u0026maxIdleTimeMS=120000\u0026appName=@uday-ade-cosmosdb@",
              "mongodb://uday-ade-cosmosdb:NIRxCkoU8DrTIFWHrhLhoOtBUi8qjFXAZN3xfXhJSvcve6xRMQUUcUSf8jolsekITYxyJITw5YhNACDbzAGqjw==@uday-ade-cosmosdb.mongo.cosmos.azure.com:10255/?ssl=true\u0026replicaSet=globaldb\u0026retrywrites=false\u0026maxIdleTimeMS=120000\u0026appName=@uday-ade-cosmosdb@",
              "mongodb://uday-ade-cosmosdb:sJXKvcjcF7Af0e2Rf1n59GFy5x6jMFtkNCMABAsdZafANhckZTzTR9rTIPRZz57p9IT3UJgVgdmsACDb5oXa6w==@uday-ade-cosmosdb.mongo.cosmos.azure.com:10255/?ssl=true\u0026replicaSet=globaldb\u0026retrywrites=false\u0026maxIdleTimeMS=120000\u0026appName=@uday-ade-cosmosdb@"
            ],
            "consistency_policy": [
              {
                "consistency_level": "BoundedStaleness",
                "max_interval_in_seconds": 300,
                "max_staleness_prefix": 100000
              }
            ],
            "cors_rule": [],
            "create_mode": "",
            "default_identity_type": "FirstPartyIdentity",
            "enable_automatic_failover": true,
            "enable_free_tier": false,
            "enable_multiple_write_locations": false,
            "endpoint": "https://uday-ade-cosmosdb.documents.azure.com:443/",
            "geo_location": [
              {
                "failover_priority": 0,
                "id": "uday-ade-cosmosdb-westus",
                "location": "westus",
                "zone_redundant": false
              },
              {
                "failover_priority": 1,
                "id": "uday-ade-cosmosdb-eastus",
                "location": "eastus",
                "zone_redundant": false
              }
            ],
            "id": "/subscriptions/e87c210c-b12e-4e32-b028-ed1bbe6e7ed5/resourceGroups/udaykiran-ade-rg/providers/Microsoft.DocumentDB/databaseAccounts/uday-ade-cosmosdb",
            "identity": [],
            "ip_range_filter": "",
            "is_virtual_network_filter_enabled": false,
            "key_vault_key_id": null,
            "kind": "MongoDB",
            "local_authentication_disabled": false,
            "location": "northeurope",
            "mongo_server_version": "3.6",
            "name": "uday-ade-cosmosdb",
            "network_acl_bypass_for_azure_services": false,
            "network_acl_bypass_ids": null,
            "offer_type": "Standard",
            "primary_key": "6MQwb0x8hdDWvBrHOTBSwEg3k94zpMZ3IV5xLPKqs55qaE3hYJ0dQqFaUGlUnNWrevwk2IBwn2WJACDbfBjLyQ==",
            "primary_readonly_key": "NIRxCkoU8DrTIFWHrhLhoOtBUi8qjFXAZN3xfXhJSvcve6xRMQUUcUSf8jolsekITYxyJITw5YhNACDbzAGqjw==",
            "primary_readonly_sql_connection_string": null,
            "primary_sql_connection_string": null,
            "public_network_access_enabled": true,
            "read_endpoints": [
              "https://uday-ade-cosmosdb-westus.documents.azure.com:443/",
              "https://uday-ade-cosmosdb-eastus.documents.azure.com:443/"
            ],
            "resource_group_name": "udaykiran-ade-rg",
            "restore": [],
            "secondary_key": "LqeehlTQUl6F6P23v7CdfYVZUxmsJHa4t2zv5bJhShnkNd2qH6LpAxyoLKve4kQ3YmzCJgm2xClhACDbWSqktw==",
            "secondary_readonly_key": "sJXKvcjcF7Af0e2Rf1n59GFy5x6jMFtkNCMABAsdZafANhckZTzTR9rTIPRZz57p9IT3UJgVgdmsACDb5oXa6w==",
            "secondary_readonly_sql_connection_string": null,
            "secondary_sql_connection_string": null,
            "tags": null,
            "timeouts": null,
            "virtual_network_rule": [],
            "write_endpoints": [
              "https://uday-ade-cosmosdb-westus.documents.azure.com:443/"
            ]
          },
          "sensitive_attributes": [],
          "private": "eyJlMmJmYjczMC1lY2FhLTExZTYtOGY4OC0zNDM2M2JjN2M0YzAiOnsiY3JlYXRlIjoxMDgwMDAwMDAwMDAwMCwiZGVsZXRlIjoxMDgwMDAwMDAwMDAwMCwicmVhZCI6MzAwMDAwMDAwMDAwLCJ1cGRhdGUiOjEwODAwMDAwMDAwMDAwfX0=",
          "dependencies": [
            "data.azurerm_client_config.current",
            "module.key_vault.azurerm_key_vault.key_vault",
            "module.key_vault.azurerm_key_vault_access_policy.key_vault_access_policy",
            "module.resource_group.azurerm_resource_group.example"
          ]
        }
      ]
    },
    {
      "module": "module.key_vault",
      "mode": "managed",
      "type": "azurerm_key_vault",
      "name": "key_vault",
      "provider": "provider[\"registry.terraform.io/hashicorp/azurerm\"]",
      "instances": [
        {
          "schema_version": 2,
          "attributes": {
            "access_policy": [
              {
                "application_id": "",
                "certificate_permissions": [],
                "key_permissions": [
                  "List"
                ],
                "object_id": "f2228eac-58b9-47c1-946d-aceff6212662",
                "secret_permissions": [
                  "Get",
                  "List",
                  "Set",
                  "Delete",
                  "Purge"
                ],
                "storage_permissions": [],
                "tenant_id": "78797c95-971a-4208-a6f1-e9dc781a2f83"
              }
            ],
            "contact": [],
            "enable_rbac_authorization": false,
            "enabled_for_deployment": false,
            "enabled_for_disk_encryption": true,
            "enabled_for_template_deployment": false,
            "id": "/subscriptions/e87c210c-b12e-4e32-b028-ed1bbe6e7ed5/resourceGroups/udaykiran-ade-rg/providers/Microsoft.KeyVault/vaults/udaykiran-ade-kv1",
            "location": "northeurope",
            "name": "udaykiran-ade-kv1",
            "network_acls": [
              {
                "bypass": "AzureServices",
                "default_action": "Allow",
                "ip_rules": [],
                "virtual_network_subnet_ids": []
              }
            ],
            "public_network_access_enabled": true,
            "purge_protection_enabled": false,
            "resource_group_name": "udaykiran-ade-rg",
            "sku_name": "standard",
            "soft_delete_retention_days": 7,
            "tags": {},
            "tenant_id": "78797c95-971a-4208-a6f1-e9dc781a2f83",
            "timeouts": null,
            "vault_uri": "https://udaykiran-ade-kv1.vault.azure.net/"
          },
          "sensitive_attributes": [],
          "private": "eyJlMmJmYjczMC1lY2FhLTExZTYtOGY4OC0zNDM2M2JjN2M0YzAiOnsiY3JlYXRlIjoxODAwMDAwMDAwMDAwLCJkZWxldGUiOjE4MDAwMDAwMDAwMDAsInJlYWQiOjMwMDAwMDAwMDAwMCwidXBkYXRlIjoxODAwMDAwMDAwMDAwfSwic2NoZW1hX3ZlcnNpb24iOiIyIn0=",
          "dependencies": [
            "data.azurerm_client_config.current",
            "module.resource_group.azurerm_resource_group.example"
          ]
        }
      ]
    },
    {
      "module": "module.key_vault",
      "mode": "managed",
      "type": "azurerm_key_vault_access_policy",
      "name": "key_vault_access_policy",
      "provider": "provider[\"registry.terraform.io/hashicorp/azurerm\"]",
      "instances": [
        {
          "schema_version": 0,
          "attributes": {
            "application_id": "",
            "certificate_permissions": [],
            "id": "/subscriptions/e87c210c-b12e-4e32-b028-ed1bbe6e7ed5/resourceGroups/udaykiran-ade-rg/providers/Microsoft.KeyVault/vaults/udaykiran-ade-kv1/objectId/f2228eac-58b9-47c1-946d-aceff6212662",
            "key_permissions": [
              "List"
            ],
            "key_vault_id": "/subscriptions/e87c210c-b12e-4e32-b028-ed1bbe6e7ed5/resourceGroups/udaykiran-ade-rg/providers/Microsoft.KeyVault/vaults/udaykiran-ade-kv1",
            "object_id": "f2228eac-58b9-47c1-946d-aceff6212662",
            "secret_permissions": [
              "Get",
              "List",
              "Set",
              "Delete",
              "Purge"
            ],
            "storage_permissions": [],
            "tenant_id": "78797c95-971a-4208-a6f1-e9dc781a2f83",
            "timeouts": null
          },
          "sensitive_attributes": [],
          "private": "eyJlMmJmYjczMC1lY2FhLTExZTYtOGY4OC0zNDM2M2JjN2M0YzAiOnsiY3JlYXRlIjoxODAwMDAwMDAwMDAwLCJkZWxldGUiOjE4MDAwMDAwMDAwMDAsInJlYWQiOjMwMDAwMDAwMDAwMCwidXBkYXRlIjoxODAwMDAwMDAwMDAwfX0=",
          "dependencies": [
            "data.azurerm_client_config.current",
            "module.key_vault.azurerm_key_vault.key_vault",
            "module.resource_group.azurerm_resource_group.example"
          ]
        }
      ]
    },
    {
      "module": "module.key_vault_secret",
      "mode": "managed",
      "type": "azurerm_key_vault_secret",
      "name": "key_vault_secret",
      "provider": "provider[\"registry.terraform.io/hashicorp/azurerm\"]",
      "instances": [
        {
          "index_key": "cosmos-db-primary-key",
          "schema_version": 0,
          "attributes": {
            "content_type": "",
            "expiration_date": null,
            "id": "https://udaykiran-ade-kv1.vault.azure.net/secrets/cosmos-db-primary-key/89b4412ec9e341f6a88dd62dc3405a6b",
            "key_vault_id": "/subscriptions/e87c210c-b12e-4e32-b028-ed1bbe6e7ed5/resourceGroups/udaykiran-ade-rg/providers/Microsoft.KeyVault/vaults/udaykiran-ade-kv1",
            "name": "cosmos-db-primary-key",
            "not_before_date": null,
            "resource_id": "/subscriptions/e87c210c-b12e-4e32-b028-ed1bbe6e7ed5/resourceGroups/udaykiran-ade-rg/providers/Microsoft.KeyVault/vaults/udaykiran-ade-kv1/secrets/cosmos-db-primary-key/versions/89b4412ec9e341f6a88dd62dc3405a6b",
            "resource_versionless_id": "/subscriptions/e87c210c-b12e-4e32-b028-ed1bbe6e7ed5/resourceGroups/udaykiran-ade-rg/providers/Microsoft.KeyVault/vaults/udaykiran-ade-kv1/secrets/cosmos-db-primary-key",
            "tags": null,
            "timeouts": null,
            "value": "6MQwb0x8hdDWvBrHOTBSwEg3k94zpMZ3IV5xLPKqs55qaE3hYJ0dQqFaUGlUnNWrevwk2IBwn2WJACDbfBjLyQ==",
            "version": "89b4412ec9e341f6a88dd62dc3405a6b",
            "versionless_id": "https://udaykiran-ade-kv1.vault.azure.net/secrets/cosmos-db-primary-key"
          },
          "sensitive_attributes": [
            [
              {
                "type": "get_attr",
                "value": "value"
              }
            ]
          ],
          "private": "eyJlMmJmYjczMC1lY2FhLTExZTYtOGY4OC0zNDM2M2JjN2M0YzAiOnsiY3JlYXRlIjoxODAwMDAwMDAwMDAwLCJkZWxldGUiOjE4MDAwMDAwMDAwMDAsInJlYWQiOjE4MDAwMDAwMDAwMDAsInVwZGF0ZSI6MTgwMDAwMDAwMDAwMH19",
          "dependencies": [
            "data.azurerm_client_config.current",
            "module.cosmosdb_account.azurerm_cosmosdb_account.db",
            "module.key_vault.azurerm_key_vault.key_vault",
            "module.key_vault.azurerm_key_vault_access_policy.key_vault_access_policy",
            "module.resource_group.azurerm_resource_group.example"
          ]
        },
        {
          "index_key": "cosmos-db-secondary-key",
          "schema_version": 0,
          "attributes": {
            "content_type": "",
            "expiration_date": null,
            "id": "https://udaykiran-ade-kv1.vault.azure.net/secrets/cosmos-db-secondary-key/bc934f3f0eb649d48b0868afa105f877",
            "key_vault_id": "/subscriptions/e87c210c-b12e-4e32-b028-ed1bbe6e7ed5/resourceGroups/udaykiran-ade-rg/providers/Microsoft.KeyVault/vaults/udaykiran-ade-kv1",
            "name": "cosmos-db-secondary-key",
            "not_before_date": null,
            "resource_id": "/subscriptions/e87c210c-b12e-4e32-b028-ed1bbe6e7ed5/resourceGroups/udaykiran-ade-rg/providers/Microsoft.KeyVault/vaults/udaykiran-ade-kv1/secrets/cosmos-db-secondary-key/versions/bc934f3f0eb649d48b0868afa105f877",
            "resource_versionless_id": "/subscriptions/e87c210c-b12e-4e32-b028-ed1bbe6e7ed5/resourceGroups/udaykiran-ade-rg/providers/Microsoft.KeyVault/vaults/udaykiran-ade-kv1/secrets/cosmos-db-secondary-key",
            "tags": null,
            "timeouts": null,
            "value": "LqeehlTQUl6F6P23v7CdfYVZUxmsJHa4t2zv5bJhShnkNd2qH6LpAxyoLKve4kQ3YmzCJgm2xClhACDbWSqktw==",
            "version": "bc934f3f0eb649d48b0868afa105f877",
            "versionless_id": "https://udaykiran-ade-kv1.vault.azure.net/secrets/cosmos-db-secondary-key"
          },
          "sensitive_attributes": [
            [
              {
                "type": "get_attr",
                "value": "value"
              }
            ]
          ],
          "private": "eyJlMmJmYjczMC1lY2FhLTExZTYtOGY4OC0zNDM2M2JjN2M0YzAiOnsiY3JlYXRlIjoxODAwMDAwMDAwMDAwLCJkZWxldGUiOjE4MDAwMDAwMDAwMDAsInJlYWQiOjE4MDAwMDAwMDAwMDAsInVwZGF0ZSI6MTgwMDAwMDAwMDAwMH19",
          "dependencies": [
            "data.azurerm_client_config.current",
            "module.cosmosdb_account.azurerm_cosmosdb_account.db",
            "module.key_vault.azurerm_key_vault.key_vault",
            "module.key_vault.azurerm_key_vault_access_policy.key_vault_access_policy",
            "module.resource_group.azurerm_resource_group.example"
          ]
        }
      ]
    },
    {
      "module": "module.key_vault_secret",
      "mode": "managed",
      "type": "random_password",
      "name": "random_password",
      "provider": "provider[\"registry.terraform.io/hashicorp/random\"]",
      "instances": [
        {
          "schema_version": 3,
          "attributes": {
            "bcrypt_hash": "$2a$10$N.i.EN4ZsUMsqB2vzoKiv.RPFIG3haDYOPQE/3XjBMKW8bjZWpY7C",
            "id": "none",
            "keepers": null,
            "length": 20,
            "lower": true,
            "min_lower": 0,
            "min_numeric": 0,
            "min_special": 0,
            "min_upper": 0,
            "number": true,
            "numeric": true,
            "override_special": null,
            "result": "}FaoSXj3fO7implLALdu",
            "special": true,
            "upper": true
          },
          "sensitive_attributes": [],
          "dependencies": [
            "data.azurerm_client_config.current",
            "module.cosmosdb_account.azurerm_cosmosdb_account.db",
            "module.key_vault.azurerm_key_vault.key_vault",
            "module.key_vault.azurerm_key_vault_access_policy.key_vault_access_policy",
            "module.resource_group.azurerm_resource_group.example"
          ]
        }
      ]
    },
    {
      "module": "module.resource_group",
      "mode": "managed",
      "type": "azurerm_resource_group",
      "name": "example",
      "provider": "provider[\"registry.terraform.io/hashicorp/azurerm\"]",
      "instances": [
        {
          "schema_version": 0,
          "attributes": {
            "id": "/subscriptions/e87c210c-b12e-4e32-b028-ed1bbe6e7ed5/resourceGroups/udaykiran-ade-rg",
            "location": "northeurope",
            "name": "udaykiran-ade-rg",
            "tags": {
              "cost": "163",
              "dept": "finance",
              "env": "dev",
              "source": "terraform"
            },
            "timeouts": null
          },
          "sensitive_attributes": [],
          "private": "eyJlMmJmYjczMC1lY2FhLTExZTYtOGY4OC0zNDM2M2JjN2M0YzAiOnsiY3JlYXRlIjo1NDAwMDAwMDAwMDAwLCJkZWxldGUiOjU0MDAwMDAwMDAwMDAsInJlYWQiOjMwMDAwMDAwMDAwMCwidXBkYXRlIjo1NDAwMDAwMDAwMDAwfX0="
        }
      ]
    }
  ],
  "check_results": null
}
